
Microsoft Visual Studio Solution File, Format Version 12.00
# Visual Studio Version 16
VisualStudioVersion = 16.0.29709.97
MinimumVisualStudioVersion = 10.0.40219.1
Project("{9A19103F-16F7-4668-BE54-9A1E7A4F7556}") = "ProjectPromotionEngine", "ProjectPromotionEngine\ProjectPromotionEngine.csproj", "{C4D75270-4BC6-4D48-A4A8-510F22C0DC1E}"
EndProject
Project("{FAE04EC0-301F-11D3-BF4B-00C04F79EFBC}") = "ProjectPromotionTest", "ProjectPromotionTest\ProjectPromotionTest.csproj", "{69213BB5-3268-480F-B6E5-10A24BEEB318}"
EndProject
Global
	GlobalSection(SolutionConfigurationPlatforms) = preSolution
		Debug|Any CPU = Debug|Any CPU
		Release|Any CPU = Release|Any CPU
	EndGlobalSection
	GlobalSection(ProjectConfigurationPlatforms) = postSolution
		{C4D75270-4BC6-4D48-A4A8-510F22C0DC1E}.Debug|Any CPU.ActiveCfg = Debug|Any CPU
		{C4D75270-4BC6-4D48-A4A8-510F22C0DC1E}.Debug|Any CPU.Build.0 = Debug|Any CPU
		{C4D75270-4BC6-4D48-A4A8-510F22C0DC1E}.Release|Any CPU.ActiveCfg = Release|Any CPU
		{C4D75270-4BC6-4D48-A4A8-510F22C0DC1E}.Release|Any CPU.Build.0 = Release|Any CPU
		{69213BB5-3268-480F-B6E5-10A24BEEB318}.Debug|Any CPU.ActiveCfg = Debug|Any CPU
		{69213BB5-3268-480F-B6E5-10A24BEEB318}.Debug|Any CPU.Build.0 = Debug|Any CPU
		{69213BB5-3268-480F-B6E5-10A24BEEB318}.Release|Any CPU.ActiveCfg = Release|Any CPU
		{69213BB5-3268-480F-B6E5-10A24BEEB318}.Release|Any CPU.Build.0 = Release|Any CPU
	EndGlobalSection
	GlobalSection(SolutionProperties) = preSolution
		HideSolutionNode = FALSE
	EndGlobalSection
	GlobalSection(ExtensibilityGlobals) = postSolution
		SolutionGuid = {ED0DF9F4-7C6E-42E0-AD65-D61F2E9CEFFB}
	EndGlobalSection
EndGlobal
